
Microsoft Visual Studio Solution File, Format Version 12.00
# Visual Studio Version 16
VisualStudioVersion = 16.0.31205.134
MinimumVisualStudioVersion = 10.0.40219.1
Project("{FAE04EC0-301F-11D3-BF4B-00C04F79EFBC}") = "ASPtercertrimestre", "ASPtercertrimestre\ASPtercertrimestre.csproj", "{2743E2AE-3CDB-4E87-81DD-8C099B562462}"
EndProject
Global
	GlobalSection(SolutionConfigurationPlatforms) = preSolution
		Debug|Any CPU = Debug|Any CPU
		Release|Any CPU = Release|Any CPU
	EndGlobalSection
	GlobalSection(ProjectConfigurationPlatforms) = postSolution
		{2743E2AE-3CDB-4E87-81DD-8C099B562462}.Debug|Any CPU.ActiveCfg = Debug|Any CPU
		{2743E2AE-3CDB-4E87-81DD-8C099B562462}.Debug|Any CPU.Build.0 = Debug|Any CPU
		{2743E2AE-3CDB-4E87-81DD-8C099B562462}.Release|Any CPU.ActiveCfg = Release|Any CPU
		{2743E2AE-3CDB-4E87-81DD-8C099B562462}.Release|Any CPU.Build.0 = Release|Any CPU
	EndGlobalSection
	GlobalSection(SolutionProperties) = preSolution
		HideSolutionNode = FALSE
	EndGlobalSection
	GlobalSection(ExtensibilityGlobals) = postSolution
		SolutionGuid = {345A7E7F-DD1A-4DC5-93DD-58A02AE21415}
	EndGlobalSection
EndGlobal
